{
    "_meta": {
        "hash": {
            "sha256": "e01cca06b928846848b433eb62a93a1c092feebbcb3ded6a55044b3c48f44117"
        },
        "requires": {},
        "sources": [
            {
                "url": "https://pypi.python.org/simple",
                "verify_ssl": true
            }
        ]
    },
    "default": {
        "Django": {
            "version": "==1.9.5"
        },
        "Pillow": {
            "version": "==3.2.0"
        },
        "PyJWT": {
            "version": "==1.4.2"
        },
        "PyYAML": {
            "version": "==3.12"
        },
        "appdirs": {
            "version": "==1.4.3"
        },
        "awsebcli": {
            "version": "==3.10.0"
        },
        "blessed": {
            "version": "==1.14.1"
        },
        "botocore": {
            "version": "==1.5.27"
        },
        "braintree": {
            "version": "==3.29.2"
        },
        "cement": {
            "version": "==2.8.2"
        },
        "cffi": {
            "version": "==1.8.3"
        },
        "colorama": {
            "version": "==0.3.7"
        },
        "cryptography": {
            "version": "==1.5.2"
        },
        "defusedxml": {
            "version": "==0.4.1"
        },
        "django-allauth": {
            "version": "==0.27.0"
        },
        "django-autoslug": {
            "version": "==1.9.3"
        },
        "django-bootstrap": {
            "version": "==0.2.4"
        },
        "django-bootstrap-breadcrumbs": {
            "version": "==0.8.2"
        },
        "django-forms-bootstrap": {
            "version": "==3.0.1"
        },
        "django-jsonfield": {
            "version": "==1.0.1"
        },
        "django-stdimage": {
            "version": "==2.3.3"
        },
        "djangoajax": {
            "version": "==2.3.7"
        },
        "docker-py": {
            "version": "==1.7.2"
        },
        "dockerpty": {
            "version": "==0.4.1"
        },
        "docopt": {
            "version": "==0.6.2"
        },
        "docutils": {
            "version": "==0.13.1"
        },
        "gunicorn": {
            "version": "==19.6.0"
        },
        "idna": {
            "version": "==2.1"
        },
        "jmespath": {
            "version": "==0.9.2"
        },
        "mock": {
            "version": "==2.0.0"
        },
        "oauthlib": {
            "version": "==2.0.0"
        },
        "olefile": {
            "version": "==0.44"
        },
        "packaging": {
            "version": "==16.8"
        },
        "pathspec": {
            "version": "==0.5.0"
        },
        "payments": "==0.2",
        "pbr": {
            "version": "==1.10.0"
        },
        "progressbar2": {
            "version": "==3.11.0"
        },
        "psycopg2": {
            "version": "==2.6.1"
        },
        "pyasn1": {
            "version": "==0.1.9"
        },
        "pycparser": {
            "version": "==2.14"
        },
        "pyparsing": {
            "version": "==2.2.0"
        },
        "python-dateutil": {
            "version": "==2.6.0"
        },
        "python-openid": {
            "version": "==2.2.5"
        },
        "python-utils": {
            "version": "==2.0.1"
        },
        "python3-openid": {
            "version": "==3.0.10"
        },
        "pytz": {
            "version": "==2016.7"
        },
        "requests": {
            "version": "==2.9.1"
        },
        "requests-oauthlib": {
            "version": "==0.7.0"
        },
        "semantic_version": {
            "version": "==2.5.0"
        },
        "setuptools": {
            "version": "==35.0.2"
        },
        "six": {
            "version": "==1.10.0"
        },
        "stripe": {
            "version": "==1.40.0"
        },
        "suds-jurko": {
            "version": "==0.6"
        },
        "tabulate": {
            "version": "==0.7.5"
        },
        "termcolor": {
            "version": "==1.1.0"
        },
        "wcwidth": {
            "version": "==0.1.7"
        },
        "websocket-client": {
            "version": "==0.40.0"
        }
    },
    "develop": {}
}
